// !$*UTF8*$!
{
	archiveVersion = 1;
	classes = {
	};
	objectVersion = 46;
	objects = {

/* Begin PBXBuildFile section */
		E12CC2BD1B2AA3590062DDDA /* main.m in Sources */ = {isa = PBXBuildFile; fileRef = E12CC2BC1B2AA3590062DDDA /* main.m */; };
		E12CC2C01B2AA3590062DDDA /* AppDelegate.m in Sources */ = {isa = PBXBuildFile; fileRef = E12CC2BF1B2AA3590062DDDA /* AppDelegate.m */; };
		E12CC2C31B2AA3590062DDDA /* ViewController.m in Sources */ = {isa = PBXBuildFile; fileRef = E12CC2C21B2AA3590062DDDA /* ViewController.m */; };
		E12CC2C61B2AA3590062DDDA /* Main.storyboard in Resources */ = {isa = PBXBuildFile; fileRef = E12CC2C41B2AA3590062DDDA /* Main.storyboard */; };
		E12CC2C81B2AA3590062DDDA /* Images.xcassets in Resources */ = {isa = PBXBuildFile; fileRef = E12CC2C71B2AA3590062DDDA /* Images.xcassets */; };
		E12CC2CB1B2AA3590062DDDA /* LaunchScreen.xib in Resources */ = {isa = PBXBuildFile; fileRef = E12CC2C91B2AA3590062DDDA /* LaunchScreen.xib */; };
		E12CC2D71B2AA35A0062DDDA /* NotificationTests.m in Sources */ = {isa = PBXBuildFile; fileRef = E12CC2D61B2AA35A0062DDDA /* NotificationTests.m */; };
/* End PBXBuildFile section */

/* Begin PBXContainerItemProxy section */
		E12CC2D11B2AA35A0062DDDA /* PBXContainerItemProxy */ = {
			isa = PBXContainerItemProxy;
			containerPortal = E12CC2AF1B2AA3590062DDDA /* Project object */;
			proxyType = 1;
			remoteGlobalIDString = E12CC2B61B2AA3590062DDDA;
			remoteInfo = Notification;
		};
/* End PBXContainerItemProxy section */

/* Begin PBXFileReference section */
		E12CC2B71B2AA3590062DDDA /* Notification.app */ = {isa = PBXFileReference; explicitFileType = wrapper.application; includeInIndex = 0; path = Notification.app; sourceTree = BUILT_PRODUCTS_DIR; };
		E12CC2BB1B2AA3590062DDDA /* Info.plist */ = {isa = PBXFileReference; lastKnownFileType = text.plist.xml; path = Info.plist; sourceTree = "<group>"; };
		E12CC2BC1B2AA3590062DDDA /* main.m */ = {isa = PBXFileReference; lastKnownFileType = sourcecode.c.objc; path = main.m; sourceTree = "<group>"; };
		E12CC2BE1B2AA3590062DDDA /* AppDelegate.h */ = {isa = PBXFileReference; lastKnownFileType = sourcecode.c.h; path = AppDelegate.h; sourceTree = "<group>"; };
		E12CC2BF1B2AA3590062DDDA /* AppDelegate.m */ = {isa = PBXFileReference; lastKnownFileType = sourcecode.c.objc; path = AppDelegate.m; sourceTree = "<group>"; };
		E12CC2C11B2AA3590062DDDA /* ViewController.h */ = {isa = PBXFileReference; lastKnownFileType = sourcecode.c.h; path = ViewController.h; sourceTree = "<group>"; };
		E12CC2C21B2AA3590062DDDA /* ViewController.m */ = {isa = PBXFileReference; lastKnownFileType = sourcecode.c.objc; path = ViewController.m; sourceTree = "<group>"; };
		E12CC2C51B2AA3590062DDDA /* Base */ = {isa = PBXFileReference; lastKnownFileType = file.storyboard; name = Base; path = Base.lproj/Main.storyboard; sourceTree = "<group>"; };
		E12CC2C71B2AA3590062DDDA /* Images.xcassets */ = {isa = PBXFileReference; lastKnownFileType = folder.assetcatalog; path = Images.xcassets; sourceTree = "<group>"; };
		E12CC2CA1B2AA3590062DDDA /* Base */ = {isa = PBXFileReference; lastKnownFileType = file.xib; name = Base; path = Base.lproj/LaunchScreen.xib; sourceTree = "<group>"; };
		E12CC2D01B2AA35A0062DDDA /* NotificationTests.xctest */ = {isa = PBXFileReference; explicitFileType = wrapper.cfbundle; includeInIndex = 0; path = NotificationTests.xctest; sourceTree = BUILT_PRODUCTS_DIR; };
		E12CC2D51B2AA35A0062DDDA /* Info.plist */ = {isa = PBXFileReference; lastKnownFileType = text.plist.xml; path = Info.plist; sourceTree = "<group>"; };
		E12CC2D61B2AA35A0062DDDA /* NotificationTests.m */ = {isa = PBXFileReference; lastKnownFileType = sourcecode.c.objc; path = NotificationTests.m; sourceTree = "<group>"; };
/* End PBXFileReference section */

/* Begin PBXFrameworksBuildPhase section */
		E12CC2B41B2AA3590062DDDA /* Frameworks */ = {
			isa = PBXFrameworksBuildPhase;
			buildActionMask = 2147483647;
			files = (
			);
			runOnlyForDeploymentPostprocessing = 0;
		};
		E12CC2CD1B2AA35A0062DDDA /* Frameworks */ = {
			isa = PBXFrameworksBuildPhase;
			buildActionMask = 2147483647;
			files = (
			);
			runOnlyForDeploymentPostprocessing = 0;
		};
/* End PBXFrameworksBuildPhase section */

/* Begin PBXGroup section */
		E12CC2AE1B2AA3590062DDDA = {
			isa = PBXGroup;
			children = (
				E12CC2B91B2AA3590062DDDA /* Notification */,
				E12CC2D31B2AA35A0062DDDA /* NotificationTests */,
				E12CC2B81B2AA3590062DDDA /* Products */,
			);
			sourceTree = "<group>";
		};
		E12CC2B81B2AA3590062DDDA /* Products */ = {
			isa = PBXGroup;
			children = (
				E12CC2B71B2AA3590062DDDA /* Notification.app */,
				E12CC2D01B2AA35A0062DDDA /* NotificationTests.xctest */,
			);
			name = Products;
			sourceTree = "<group>";
		};
		E12CC2B91B2AA3590062DDDA /* Notification */ = {
			isa = PBXGroup;
			children = (
				E12CC2BE1B2AA3590062DDDA /* AppDelegate.h */,
				E12CC2BF1B2AA3590062DDDA /* AppDelegate.m */,
				E12CC2C11B2AA3590062DDDA /* ViewController.h */,
				E12CC2C21B2AA3590062DDDA /* ViewController.m */,
				E12CC2C41B2AA3590062DDDA /* Main.storyboard */,
				E12CC2C71B2AA3590062DDDA /* Images.xcassets */,
				E12CC2C91B2AA3590062DDDA /* LaunchScreen.xib */,
				E12CC2BA1B2AA3590062DDDA /* Supporting Files */,
			);
			path = Notification;
			sourceTree = "<group>";
		};
		E12CC2BA1B2AA3590062DDDA /* Supporting Files */ = {
			isa = PBXGroup;
			children = (
				E12CC2BB1B2AA3590062DDDA /* Info.plist */,
				E12CC2BC1B2AA3590062DDDA /* main.m */,
			);
			name = "Supporting Files";
			sourceTree = "<group>";
		};
		E12CC2D31B2AA35A0062DDDA /* NotificationTests */ = {
			isa = PBXGroup;
			children = (
				E12CC2D61B2AA35A0062DDDA /* NotificationTests.m */,
				E12CC2D41B2AA35A0062DDDA /* Supporting Files */,
			);
			path = NotificationTests;
			sourceTree = "<group>";
		};
		E12CC2D41B2AA35A0062DDDA /* Supporting Files */ = {
			isa = PBXGroup;
			children = (
				E12CC2D51B2AA35A0062DDDA /* Info.plist */,
			);
			name = "Supporting Files";
			sourceTree = "<group>";
		};
/* End PBXGroup section */

/* Begin PBXNativeTarget section */
		E12CC2B61B2AA3590062DDDA /* Notification */ = {
			isa = PBXNativeTarget;
			buildConfigurationList = E12CC2DA1B2AA35A0062DDDA /* Build configuration list for PBXNativeTarget "Notification" */;
			buildPhases = (
				E12CC2B31B2AA3590062DDDA /* Sources */,
				E12CC2B41B2AA3590062DDDA /* Frameworks */,
				E12CC2B51B2AA3590062DDDA /* Resources */,
			);
			buildRules = (
			);
			dependencies = (
			);
			name = Notification;
			productName = Notification;
			productReference = E12CC2B71B2AA3590062DDDA /* Notification.app */;
			productType = "com.apple.product-type.application";
		};
		E12CC2CF1B2AA35A0062DDDA /* NotificationTests */ = {
			isa = PBXNativeTarget;
			buildConfigurationList = E12CC2DD1B2AA35A0062DDDA /* Build configuration list for PBXNativeTarget "NotificationTests" */;
			buildPhases = (
				E12CC2CC1B2AA35A0062DDDA /* Sources */,
				E12CC2CD1B2AA35A0062DDDA /* Frameworks */,
				E12CC2CE1B2AA35A0062DDDA /* Resources */,
			);
			buildRules = (
			);
			dependencies = (
				E12CC2D21B2AA35A0062DDDA /* PBXTargetDependency */,
			);
			name = NotificationTests;
			productName = NotificationTests;
			productReference = E12CC2D01B2AA35A0062DDDA /* NotificationTests.xctest */;
			productType = "com.apple.product-type.bundle.unit-test";
		};
/* End PBXNativeTarget section */

/* Begin PBXProject section */
		E12CC2AF1B2AA3590062DDDA /* Project object */ = {
			isa = PBXProject;
			attributes = {
				LastUpgradeCheck = 0630;
				ORGANIZATIONNAME = quke;
				TargetAttributes = {
					E12CC2B61B2AA3590062DDDA = {
						CreatedOnToolsVersion = 6.3.1;
					};
					E12CC2CF1B2AA35A0062DDDA = {
						CreatedOnToolsVersion = 6.3.1;
						TestTargetID = E12CC2B61B2AA3590062DDDA;
					};
				};
			};
			buildConfigurationList = E12CC2B21B2AA3590062DDDA /* Build configuration list for PBXProject "Notification" */;
			compatibilityVersion = "Xcode 3.2";
			developmentRegion = English;
			hasScannedForEncodings = 0;
			knownRegions = (
				en,
				Base,
			);
			mainGroup = E12CC2AE1B2AA3590062DDDA;
			productRefGroup = E12CC2B81B2AA3590062DDDA /* Products */;
			projectDirPath = "";
			projectRoot = "";
			targets = (
				E12CC2B61B2AA3590062DDDA /* Notification */,
				E12CC2CF1B2AA35A0062DDDA /* NotificationTests */,
			);
		};
/* End PBXProject section */

/* Begin PBXResourcesBuildPhase section */
		E12CC2B51B2AA3590062DDDA /* Resources */ = {
			isa = PBXResourcesBuildPhase;
			buildActionMask = 2147483647;
			files = (
				E12CC2C61B2AA3590062DDDA /* Main.storyboard in Resources */,
				E12CC2CB1B2AA3590062DDDA /* LaunchScreen.xib in Resources */,
				E12CC2C81B2AA3590062DDDA /* Images.xcassets in Resources */,
			);
			runOnlyForDeploymentPostprocessing = 0;
		};
		E12CC2CE1B2AA35A0062DDDA /* Resources */ = {
			isa = PBXResourcesBuildPhase;
			buildActionMask = 2147483647;
			files = (
			);
			runOnlyForDeploymentPostprocessing = 0;
		};
/* End PBXResourcesBuildPhase section */

/* Begin PBXSourcesBuildPhase section */
		E12CC2B31B2AA3590062DDDA /* Sources */ = {
			isa = PBXSourcesBuildPhase;
			buildActionMask = 2147483647;
			files = (
				E12CC2C31B2AA3590062DDDA /* ViewController.m in Sources */,
				E12CC2C01B2AA3590062DDDA /* AppDelegate.m in Sources */,
				E12CC2BD1B2AA3590062DDDA /* main.m in Sources */,
			);
			runOnlyForDeploymentPostprocessing = 0;
		};
		E12CC2CC1B2AA35A0062DDDA /* Sources */ = {
			isa = PBXSourcesBuildPhase;
			buildActionMask = 2147483647;
			files = (
				E12CC2D71B2AA35A0062DDDA /* NotificationTests.m in Sources */,
			);
			runOnlyForDeploymentPostprocessing = 0;
		};
/* End PBXSourcesBuildPhase section */

/* Begin PBXTargetDependency section */
		E12CC2D21B2AA35A0062DDDA /* PBXTargetDependency */ = {
			isa = PBXTargetDependency;
			target = E12CC2B61B2AA3590062DDDA /* Notification */;
			targetProxy = E12CC2D11B2AA35A0062DDDA /* PBXContainerItemProxy */;
		};
/* End PBXTargetDependency section */

/* Begin PBXVariantGroup section */
		E12CC2C41B2AA3590062DDDA /* Main.storyboard */ = {
			isa = PBXVariantGroup;
			children = (
				E12CC2C51B2AA3590062DDDA /* Base */,
			);
			name = Main.storyboard;
			sourceTree = "<group>";
		};
		E12CC2C91B2AA3590062DDDA /* LaunchScreen.xib */ = {
			isa = PBXVariantGroup;
			children = (
				E12CC2CA1B2AA3590062DDDA /* Base */,
			);
			name = LaunchScreen.xib;
			sourceTree = "<group>";
		};
/* End PBXVariantGroup section */

/* Begin XCBuildConfiguration section */
		E12CC2D81B2AA35A0062DDDA /* Debug */ = {
			isa = XCBuildConfiguration;
			buildSettings = {
				ALWAYS_SEARCH_USER_PATHS = NO;
				CLANG_CXX_LANGUAGE_STANDARD = "gnu++0x";
				CLANG_CXX_LIBRARY = "libc++";
				CLANG_ENABLE_MODULES = YES;
				CLANG_ENABLE_OBJC_ARC = YES;
				CLANG_WARN_BOOL_CONVERSION = YES;
				CLANG_WARN_CONSTANT_CONVERSION = YES;
				CLANG_WARN_DIRECT_OBJC_ISA_USAGE = YES_ERROR;
				CLANG_WARN_EMPTY_BODY = YES;
				CLANG_WARN_ENUM_CONVERSION = YES;
				CLANG_WARN_INT_CONVERSION = YES;
				CLANG_WARN_OBJC_ROOT_CLASS = YES_ERROR;
				CLANG_WARN_UNREACHABLE_CODE = YES;
				CLANG_WARN__DUPLICATE_METHOD_MATCH = YES;
				"CODE_SIGN_IDENTITY[sdk=iphoneos*]" = "iPhone Developer";
				COPY_PHASE_STRIP = NO;
				DEBUG_INFORMATION_FORMAT = "dwarf-with-dsym";
				ENABLE_STRICT_OBJC_MSGSEND = YES;
				GCC_C_LANGUAGE_STANDARD = gnu99;
				GCC_DYNAMIC_NO_PIC = NO;
				GCC_NO_COMMON_BLOCKS = YES;
				GCC_OPTIMIZATION_LEVEL = 0;
				GCC_PREPROCESSOR_DEFINITIONS = (
					"DEBUG=1",
					"$(inherited)",
				);
				GCC_SYMBOLS_PRIVATE_EXTERN = NO;
				GCC_WARN_64_TO_32_BIT_CONVERSION = YES;
				GCC_WARN_ABOUT_RETURN_TYPE = YES_ERROR;
				GCC_WARN_UNDECLARED_SELECTOR = YES;
				GCC_WARN_UNINITIALIZED_AUTOS = YES_AGGRESSIVE;
				GCC_WARN_UNUSED_FUNCTION = YES;
				GCC_WARN_UNUSED_VARIABLE = YES;
				IPHONEOS_DEPLOYMENT_TARGET = 8.3;
				MTL_ENABLE_DEBUG_INFO = YES;
				ONLY_ACTIVE_ARCH = YES;
				SDKROOT = iphoneos;
			};
			name = Debug;
		};
		E12CC2D91B2AA35A0062DDDA /* Release */ = {
			isa = XCBuildConfiguration;
			buildSettings = {
				ALWAYS_SEARCH_USER_PATHS = NO;
				CLANG_CXX_LANGUAGE_STANDARD = "gnu++0x";
				CLANG_CXX_LIBRARY = "libc++";
				CLANG_ENABLE_MODULES = YES;
				CLANG_ENABLE_OBJC_ARC = YES;
				CLANG_WARN_BOOL_CONVERSION = YES;
				CLANG_WARN_CONSTANT_CONVERSION = YES;
				CLANG_WARN_DIRECT_OBJC_ISA_USAGE = YES_ERROR;
				CLANG_WARN_EMPTY_BODY = YES;
				CLANG_WARN_ENUM_CONVERSION = YES;
				CLANG_WARN_INT_CONVERSION = YES;
				CLANG_WARN_OBJC_ROOT_CLASS = YES_ERROR;
				CLANG_WARN_UNREACHABLE_CODE = YES;
				CLANG_WARN__DUPLICATE_METHOD_MATCH = YES;
				"CODE_SIGN_IDENTITY[sdk=iphoneos*]" = "iPhone Developer";
				COPY_PHASE_STRIP = NO;
				DEBUG_INFORMATION_FORMAT = "dwarf-with-dsym";
				ENABLE_NS_ASSERTIONS = NO;
				ENABLE_STRICT_OBJC_MSGSEND = YES;
				GCC_C_LANGUAGE_STANDARD = gnu99;
				GCC_NO_COMMON_BLOCKS = YES;
				GCC_WARN_64_TO_32_BIT_CONVERSION = YES;
				GCC_WARN_ABOUT_RETURN_TYPE = YES_ERROR;
				GCC_WARN_UNDECLARED_SELECTOR = YES;
				GCC_WARN_UNINITIALIZED_AUTOS = YES_AGGRESSIVE;
				GCC_WARN_UNUSED_FUNCTION = YES;
				GCC_WARN_UNUSED_VARIABLE = YES;
				IPHONEOS_DEPLOYMENT_TARGET = 8.3;
				MTL_ENABLE_DEBUG_INFO = NO;
				SDKROOT = iphoneos;
				VALIDATE_PRODUCT = YES;
			};
			name = Release;
		};
		E12CC2DB1B2AA35A0062DDDA /* Debug */ = {
			isa = XCBuildConfiguration;
			buildSettings = {
				ASSETCATALOG_COMPILER_APPICON_NAME = AppIcon;
				INFOPLIST_FILE = Notification/Info.plist;
				LD_RUNPATH_SEARCH_PATHS = "$(inherited) @executable_path/Frameworks";
				PRODUCT_NAME = "$(TARGET_NAME)";
			};
			name = Debug;
		};
		E12CC2DC1B2AA35A0062DDDA /* Release */ = {
			isa = XCBuildConfiguration;
			buildSettings = {
				ASSETCATALOG_COMPILER_APPICON_NAME = AppIcon;
				INFOPLIST_FILE = Notification/Info.plist;
				LD_RUNPATH_SEARCH_PATHS = "$(inherited) @executable_path/Frameworks";
				PRODUCT_NAME = "$(TARGET_NAME)";
			};
			name = Release;
		};
		E12CC2DE1B2AA35A0062DDDA /* Debug */ = {
			isa = XCBuildConfiguration;
			buildSettings = {
				BUNDLE_LOADER = "$(TEST_HOST)";
				FRAMEWORK_SEARCH_PATHS = (
					"$(SDKROOT)/Developer/Library/Frameworks",
					"$(inherited)",
				);
				GCC_PREPROCESSOR_DEFINITIONS = (
					"DEBUG=1",
					"$(inherited)",
				);
				INFOPLIST_FILE = NotificationTests/Info.plist;
				LD_RUNPATH_SEARCH_PATHS = "$(inherited) @executable_path/Frameworks @loader_path/Frameworks";
				PRODUCT_NAME = "$(TARGET_NAME)";
				TEST_HOST = "$(BUILT_PRODUCTS_DIR)/Notification.app/Notification";
			};
			name = Debug;
		};
		E12CC2DF1B2AA35A0062DDDA /* Release */ = {
			isa = XCBuildConfiguration;
			buildSettings = {
				BUNDLE_LOADER = "$(TEST_HOST)";
				FRAMEWORK_SEARCH_PATHS = (
					"$(SDKROOT)/Developer/Library/Frameworks",
					"$(inherited)",
				);
				INFOPLIST_FILE = NotificationTests/Info.plist;
				LD_RUNPATH_SEARCH_PATHS = "$(inherited) @executable_path/Frameworks @loader_path/Frameworks";
				PRODUCT_NAME = "$(TARGET_NAME)";
				TEST_HOST = "$(BUILT_PRODUCTS_DIR)/Notification.app/Notification";
			};
			name = Release;
		};
/* End XCBuildConfiguration section */

/* Begin XCConfigurationList section */
		E12CC2B21B2AA3590062DDDA /* Build configuration list for PBXProject "Notification" */ = {
			isa = XCConfigurationList;
			buildConfigurations = (
				E12CC2D81B2AA35A0062DDDA /* Debug */,
				E12CC2D91B2AA35A0062DDDA /* Release */,
			);
			defaultConfigurationIsVisible = 0;
			defaultConfigurationName = Release;
		};
		E12CC2DA1B2AA35A0062DDDA /* Build configuration list for PBXNativeTarget "Notification" */ = {
			isa = XCConfigurationList;
			buildConfigurations = (
				E12CC2DB1B2AA35A0062DDDA /* Debug */,
				E12CC2DC1B2AA35A0062DDDA /* Release */,
			);
			defaultConfigurationIsVisible = 0;
		};
		E12CC2DD1B2AA35A0062DDDA /* Build configuration list for PBXNativeTarget "NotificationTests" */ = {
			isa = XCConfigurationList;
			buildConfigurations = (
				E12CC2DE1B2AA35A0062DDDA /* Debug */,
				E12CC2DF1B2AA35A0062DDDA /* Release */,
			);
			defaultConfigurationIsVisible = 0;
		};
/* End XCConfigurationList section */
	};
	rootObject = E12CC2AF1B2AA3590062DDDA /* Project object */;
}
